
Microsoft Visual Studio Solution File, Format Version 12.00
# Visual Studio Version 17
VisualStudioVersion = 17.0.31919.166
MinimumVisualStudioVersion = 10.0.40219.1
Project("{9A19103F-16F7-4668-BE54-9A1E7A4F7556}") = "OptixSuccess.Register", "OptixSuccess.Register\OptixSuccess.Register.csproj", "{3B0ABEDD-9DDA-4367-8BA9-4BF6F5A7D038}"
EndProject
Project("{9A19103F-16F7-4668-BE54-9A1E7A4F7556}") = "WebApp", "WebApp\WebApp.csproj", "{427CE00D-609A-4058-A6BC-7E4AA273B900}"
EndProject
Project("{9A19103F-16F7-4668-BE54-9A1E7A4F7556}") = "CoreBusiness", "CoreBusiness\CoreBusiness.csproj", "{273F341C-85B4-451F-B11E-ECE411F664D6}"
EndProject
Project("{9A19103F-16F7-4668-BE54-9A1E7A4F7556}") = "Plugins.DataStore.InMemory", "Plugins.DataStore.InMemory\Plugins.DataStore.InMemory.csproj", "{F210161A-211D-4B74-92D9-01624E57BB63}"
EndProject
Project("{9A19103F-16F7-4668-BE54-9A1E7A4F7556}") = "UseCases", "UseCases\UseCases.csproj", "{389824AB-D5B5-4E4A-AA8F-27B268310728}"
EndProject
Project("{2150E333-8FDC-42A3-9474-1A3956D46DE8}") = "radzen-blazor", "radzen-blazor", "{B24A787D-FE0D-4341-96BC-75D8D72DB6C6}"
EndProject
Global
	GlobalSection(SolutionConfigurationPlatforms) = preSolution
		Debug|Any CPU = Debug|Any CPU
		Release|Any CPU = Release|Any CPU
	EndGlobalSection
	GlobalSection(ProjectConfigurationPlatforms) = postSolution
		{3B0ABEDD-9DDA-4367-8BA9-4BF6F5A7D038}.Debug|Any CPU.ActiveCfg = Debug|Any CPU
		{3B0ABEDD-9DDA-4367-8BA9-4BF6F5A7D038}.Debug|Any CPU.Build.0 = Debug|Any CPU
		{3B0ABEDD-9DDA-4367-8BA9-4BF6F5A7D038}.Release|Any CPU.ActiveCfg = Release|Any CPU
		{3B0ABEDD-9DDA-4367-8BA9-4BF6F5A7D038}.Release|Any CPU.Build.0 = Release|Any CPU
		{427CE00D-609A-4058-A6BC-7E4AA273B900}.Debug|Any CPU.ActiveCfg = Debug|Any CPU
		{427CE00D-609A-4058-A6BC-7E4AA273B900}.Debug|Any CPU.Build.0 = Debug|Any CPU
		{427CE00D-609A-4058-A6BC-7E4AA273B900}.Release|Any CPU.ActiveCfg = Release|Any CPU
		{427CE00D-609A-4058-A6BC-7E4AA273B900}.Release|Any CPU.Build.0 = Release|Any CPU
		{273F341C-85B4-451F-B11E-ECE411F664D6}.Debug|Any CPU.ActiveCfg = Debug|Any CPU
		{273F341C-85B4-451F-B11E-ECE411F664D6}.Debug|Any CPU.Build.0 = Debug|Any CPU
		{273F341C-85B4-451F-B11E-ECE411F664D6}.Release|Any CPU.ActiveCfg = Release|Any CPU
		{273F341C-85B4-451F-B11E-ECE411F664D6}.Release|Any CPU.Build.0 = Release|Any CPU
		{F210161A-211D-4B74-92D9-01624E57BB63}.Debug|Any CPU.ActiveCfg = Debug|Any CPU
		{F210161A-211D-4B74-92D9-01624E57BB63}.Debug|Any CPU.Build.0 = Debug|Any CPU
		{F210161A-211D-4B74-92D9-01624E57BB63}.Release|Any CPU.ActiveCfg = Release|Any CPU
		{F210161A-211D-4B74-92D9-01624E57BB63}.Release|Any CPU.Build.0 = Release|Any CPU
		{389824AB-D5B5-4E4A-AA8F-27B268310728}.Debug|Any CPU.ActiveCfg = Debug|Any CPU
		{389824AB-D5B5-4E4A-AA8F-27B268310728}.Debug|Any CPU.Build.0 = Debug|Any CPU
		{389824AB-D5B5-4E4A-AA8F-27B268310728}.Release|Any CPU.ActiveCfg = Release|Any CPU
		{389824AB-D5B5-4E4A-AA8F-27B268310728}.Release|Any CPU.Build.0 = Release|Any CPU
	EndGlobalSection
	GlobalSection(SolutionProperties) = preSolution
		HideSolutionNode = FALSE
	EndGlobalSection
	GlobalSection(ExtensibilityGlobals) = postSolution
		SolutionGuid = {B9C17F49-9E64-4718-8AA3-A7438BFD1620}
	EndGlobalSection
EndGlobal
