
Microsoft Visual Studio Solution File, Format Version 12.00
# Visual Studio Version 17
VisualStudioVersion = 17.0.31919.166
MinimumVisualStudioVersion = 10.0.40219.1
Project("{9A19103F-16F7-4668-BE54-9A1E7A4F7556}") = "WebApp", "WebApp\WebApp.csproj", "{427CE00D-609A-4058-A6BC-7E4AA273B900}"
EndProject
Project("{9A19103F-16F7-4668-BE54-9A1E7A4F7556}") = "CoreBusiness", "CoreBusiness\CoreBusiness.csproj", "{273F341C-85B4-451F-B11E-ECE411F664D6}"
EndProject
Project("{9A19103F-16F7-4668-BE54-9A1E7A4F7556}") = "Plugins.DataStore.InMemory", "Plugins.DataStore.InMemory\Plugins.DataStore.InMemory.csproj", "{F210161A-211D-4B74-92D9-01624E57BB63}"
EndProject
Project("{9A19103F-16F7-4668-BE54-9A1E7A4F7556}") = "UseCases", "UseCases\UseCases.csproj", "{389824AB-D5B5-4E4A-AA8F-27B268310728}"
EndProject
Project("{9A19103F-16F7-4668-BE54-9A1E7A4F7556}") = "Plugins.DataStore.SQL", "Plugins.DataStore.SQL\Plugins.DataStore.SQL.csproj", "{73B96B06-A8F4-4D5D-A0C0-B7FFEDF03479}"
EndProject
Project("{9A19103F-16F7-4668-BE54-9A1E7A4F7556}") = "WebOptixSuccess", "WebOptixSuccess\WebOptixSuccess.csproj", "{0A59593D-B576-4B0D-84A7-FEF25FDB2892}"
EndProject
Project("{FAE04EC0-301F-11D3-BF4B-00C04F79EFBC}") = "WebOptixSuccessAuth", "WebOptixSuccessAuth\WebOptixSuccessAuth.csproj", "{7591500C-93BE-4ED4-8F5F-83F2588C7F7B}"
EndProject
Global
	GlobalSection(SolutionConfigurationPlatforms) = preSolution
		Debug|Any CPU = Debug|Any CPU
		Release|Any CPU = Release|Any CPU
	EndGlobalSection
	GlobalSection(ProjectConfigurationPlatforms) = postSolution
		{427CE00D-609A-4058-A6BC-7E4AA273B900}.Debug|Any CPU.ActiveCfg = Debug|Any CPU
		{427CE00D-609A-4058-A6BC-7E4AA273B900}.Debug|Any CPU.Build.0 = Debug|Any CPU
		{427CE00D-609A-4058-A6BC-7E4AA273B900}.Release|Any CPU.ActiveCfg = Release|Any CPU
		{427CE00D-609A-4058-A6BC-7E4AA273B900}.Release|Any CPU.Build.0 = Release|Any CPU
		{273F341C-85B4-451F-B11E-ECE411F664D6}.Debug|Any CPU.ActiveCfg = Debug|Any CPU
		{273F341C-85B4-451F-B11E-ECE411F664D6}.Debug|Any CPU.Build.0 = Debug|Any CPU
		{273F341C-85B4-451F-B11E-ECE411F664D6}.Release|Any CPU.ActiveCfg = Release|Any CPU
		{273F341C-85B4-451F-B11E-ECE411F664D6}.Release|Any CPU.Build.0 = Release|Any CPU
		{F210161A-211D-4B74-92D9-01624E57BB63}.Debug|Any CPU.ActiveCfg = Debug|Any CPU
		{F210161A-211D-4B74-92D9-01624E57BB63}.Debug|Any CPU.Build.0 = Debug|Any CPU
		{F210161A-211D-4B74-92D9-01624E57BB63}.Release|Any CPU.ActiveCfg = Release|Any CPU
		{F210161A-211D-4B74-92D9-01624E57BB63}.Release|Any CPU.Build.0 = Release|Any CPU
		{389824AB-D5B5-4E4A-AA8F-27B268310728}.Debug|Any CPU.ActiveCfg = Debug|Any CPU
		{389824AB-D5B5-4E4A-AA8F-27B268310728}.Debug|Any CPU.Build.0 = Debug|Any CPU
		{389824AB-D5B5-4E4A-AA8F-27B268310728}.Release|Any CPU.ActiveCfg = Release|Any CPU
		{389824AB-D5B5-4E4A-AA8F-27B268310728}.Release|Any CPU.Build.0 = Release|Any CPU
		{73B96B06-A8F4-4D5D-A0C0-B7FFEDF03479}.Debug|Any CPU.ActiveCfg = Debug|Any CPU
		{73B96B06-A8F4-4D5D-A0C0-B7FFEDF03479}.Debug|Any CPU.Build.0 = Debug|Any CPU
		{73B96B06-A8F4-4D5D-A0C0-B7FFEDF03479}.Release|Any CPU.ActiveCfg = Release|Any CPU
		{73B96B06-A8F4-4D5D-A0C0-B7FFEDF03479}.Release|Any CPU.Build.0 = Release|Any CPU
		{0A59593D-B576-4B0D-84A7-FEF25FDB2892}.Debug|Any CPU.ActiveCfg = Debug|Any CPU
		{0A59593D-B576-4B0D-84A7-FEF25FDB2892}.Debug|Any CPU.Build.0 = Debug|Any CPU
		{0A59593D-B576-4B0D-84A7-FEF25FDB2892}.Release|Any CPU.ActiveCfg = Release|Any CPU
		{0A59593D-B576-4B0D-84A7-FEF25FDB2892}.Release|Any CPU.Build.0 = Release|Any CPU
		{7591500C-93BE-4ED4-8F5F-83F2588C7F7B}.Debug|Any CPU.ActiveCfg = Debug|Any CPU
		{7591500C-93BE-4ED4-8F5F-83F2588C7F7B}.Debug|Any CPU.Build.0 = Debug|Any CPU
		{7591500C-93BE-4ED4-8F5F-83F2588C7F7B}.Release|Any CPU.ActiveCfg = Release|Any CPU
		{7591500C-93BE-4ED4-8F5F-83F2588C7F7B}.Release|Any CPU.Build.0 = Release|Any CPU
	EndGlobalSection
	GlobalSection(SolutionProperties) = preSolution
		HideSolutionNode = FALSE
	EndGlobalSection
	GlobalSection(ExtensibilityGlobals) = postSolution
		SolutionGuid = {B9C17F49-9E64-4718-8AA3-A7438BFD1620}
	EndGlobalSection
EndGlobal
